
Microsoft Visual Studio Solution File, Format Version 12.00
# Visual Studio Version 17
VisualStudioVersion = 17.5.33424.131
MinimumVisualStudioVersion = 10.0.40219.1
Project("{9A19103F-16F7-4668-BE54-9A1E7A4F7556}") = "Entities", "Entities\Entities.csproj", "{E63429DF-2064-4CB0-8DA3-5912202EA02C}"
EndProject
Project("{9A19103F-16F7-4668-BE54-9A1E7A4F7556}") = "DataAccess", "DataAccess\DataAccess.csproj", "{669BF0CC-981E-41C3-8034-CCC4399D8002}"
EndProject
Project("{9A19103F-16F7-4668-BE54-9A1E7A4F7556}") = "Business", "Business\Business.csproj", "{9B61D025-854A-42A6-82B1-F3DA6B54A997}"
EndProject
Project("{9A19103F-16F7-4668-BE54-9A1E7A4F7556}") = "ConsoleUI", "ConsoleUI\ConsoleUI.csproj", "{2A75EB67-B71A-4690-B868-874624DBAAA7}"
EndProject
Project("{9A19103F-16F7-4668-BE54-9A1E7A4F7556}") = "Core", "Core\Core.csproj", "{4B7209D1-8101-408E-B808-7B1BC1D5AF0C}"
EndProject
Project("{9A19103F-16F7-4668-BE54-9A1E7A4F7556}") = "WebAPI", "WebAPI\WebAPI.csproj", "{B2EEAB2E-223C-4F59-9976-9720A447AFE1}"
EndProject
Global
	GlobalSection(SolutionConfigurationPlatforms) = preSolution
		Debug|Any CPU = Debug|Any CPU
		Release|Any CPU = Release|Any CPU
	EndGlobalSection
	GlobalSection(ProjectConfigurationPlatforms) = postSolution
		{E63429DF-2064-4CB0-8DA3-5912202EA02C}.Debug|Any CPU.ActiveCfg = Debug|Any CPU
		{E63429DF-2064-4CB0-8DA3-5912202EA02C}.Debug|Any CPU.Build.0 = Debug|Any CPU
		{E63429DF-2064-4CB0-8DA3-5912202EA02C}.Release|Any CPU.ActiveCfg = Release|Any CPU
		{E63429DF-2064-4CB0-8DA3-5912202EA02C}.Release|Any CPU.Build.0 = Release|Any CPU
		{669BF0CC-981E-41C3-8034-CCC4399D8002}.Debug|Any CPU.ActiveCfg = Debug|Any CPU
		{669BF0CC-981E-41C3-8034-CCC4399D8002}.Debug|Any CPU.Build.0 = Debug|Any CPU
		{669BF0CC-981E-41C3-8034-CCC4399D8002}.Release|Any CPU.ActiveCfg = Release|Any CPU
		{669BF0CC-981E-41C3-8034-CCC4399D8002}.Release|Any CPU.Build.0 = Release|Any CPU
		{9B61D025-854A-42A6-82B1-F3DA6B54A997}.Debug|Any CPU.ActiveCfg = Debug|Any CPU
		{9B61D025-854A-42A6-82B1-F3DA6B54A997}.Debug|Any CPU.Build.0 = Debug|Any CPU
		{9B61D025-854A-42A6-82B1-F3DA6B54A997}.Release|Any CPU.ActiveCfg = Release|Any CPU
		{9B61D025-854A-42A6-82B1-F3DA6B54A997}.Release|Any CPU.Build.0 = Release|Any CPU
		{2A75EB67-B71A-4690-B868-874624DBAAA7}.Debug|Any CPU.ActiveCfg = Debug|Any CPU
		{2A75EB67-B71A-4690-B868-874624DBAAA7}.Debug|Any CPU.Build.0 = Debug|Any CPU
		{2A75EB67-B71A-4690-B868-874624DBAAA7}.Release|Any CPU.ActiveCfg = Release|Any CPU
		{2A75EB67-B71A-4690-B868-874624DBAAA7}.Release|Any CPU.Build.0 = Release|Any CPU
		{4B7209D1-8101-408E-B808-7B1BC1D5AF0C}.Debug|Any CPU.ActiveCfg = Debug|Any CPU
		{4B7209D1-8101-408E-B808-7B1BC1D5AF0C}.Debug|Any CPU.Build.0 = Debug|Any CPU
		{4B7209D1-8101-408E-B808-7B1BC1D5AF0C}.Release|Any CPU.ActiveCfg = Release|Any CPU
		{4B7209D1-8101-408E-B808-7B1BC1D5AF0C}.Release|Any CPU.Build.0 = Release|Any CPU
		{B2EEAB2E-223C-4F59-9976-9720A447AFE1}.Debug|Any CPU.ActiveCfg = Debug|Any CPU
		{B2EEAB2E-223C-4F59-9976-9720A447AFE1}.Debug|Any CPU.Build.0 = Debug|Any CPU
		{B2EEAB2E-223C-4F59-9976-9720A447AFE1}.Release|Any CPU.ActiveCfg = Release|Any CPU
		{B2EEAB2E-223C-4F59-9976-9720A447AFE1}.Release|Any CPU.Build.0 = Release|Any CPU
	EndGlobalSection
	GlobalSection(SolutionProperties) = preSolution
		HideSolutionNode = FALSE
	EndGlobalSection
	GlobalSection(ExtensibilityGlobals) = postSolution
		SolutionGuid = {7902A856-FA08-498E-9BA5-4EED7306CF77}
	EndGlobalSection
EndGlobal
